
Microsoft Visual Studio Solution File, Format Version 12.00
# Visual Studio Version 16
VisualStudioVersion = 16.0.29920.165
MinimumVisualStudioVersion = 10.0.40219.1
Project("{8BC9CEB8-8B4A-11D0-8D11-00A0C91BC942}") = "Assingnment_1_7", "Assingnment_1_7\Assingnment_1_7.vcxproj", "{832DB736-E5C3-49EA-8795-A2A3F3347852}"
EndProject
Global
	GlobalSection(SolutionConfigurationPlatforms) = preSolution
		Debug|x64 = Debug|x64
		Debug|x86 = Debug|x86
		Release|x64 = Release|x64
		Release|x86 = Release|x86
	EndGlobalSection
	GlobalSection(ProjectConfigurationPlatforms) = postSolution
		{832DB736-E5C3-49EA-8795-A2A3F3347852}.Debug|x64.ActiveCfg = Debug|x64
		{832DB736-E5C3-49EA-8795-A2A3F3347852}.Debug|x64.Build.0 = Debug|x64
		{832DB736-E5C3-49EA-8795-A2A3F3347852}.Debug|x86.ActiveCfg = Debug|Win32
		{832DB736-E5C3-49EA-8795-A2A3F3347852}.Debug|x86.Build.0 = Debug|Win32
		{832DB736-E5C3-49EA-8795-A2A3F3347852}.Release|x64.ActiveCfg = Release|x64
		{832DB736-E5C3-49EA-8795-A2A3F3347852}.Release|x64.Build.0 = Release|x64
		{832DB736-E5C3-49EA-8795-A2A3F3347852}.Release|x86.ActiveCfg = Release|Win32
		{832DB736-E5C3-49EA-8795-A2A3F3347852}.Release|x86.Build.0 = Release|Win32
	EndGlobalSection
	GlobalSection(SolutionProperties) = preSolution
		HideSolutionNode = FALSE
	EndGlobalSection
	GlobalSection(ExtensibilityGlobals) = postSolution
		SolutionGuid = {EE75C940-2129-46DC-9B4D-38D3CE0854C0}
	EndGlobalSection
EndGlobal
